
Microsoft Visual Studio Solution File, Format Version 12.00
# Visual Studio 15
VisualStudioVersion = 15.0.27004.2005
MinimumVisualStudioVersion = 10.0.40219.1
Project("{FAE04EC0-301F-11D3-BF4B-00C04F79EFBC}") = "ProjetoCSharpUnifai", "ProjetoCSharpUnifai.csproj", "{E17F2AB0-C41E-4EFF-A38A-15B876C362B3}"
EndProject
Project("{FAE04EC0-301F-11D3-BF4B-00C04F79EFBC}") = "ProjetoCSharpUnifai.Aplicacao", "..\ProjetoCSharpUnifai.Aplicacao\ProjetoCSharpUnifai.Aplicacao.csproj", "{5FE95BCD-B43B-4B43-A8C5-62D67154AC40}"
EndProject
Project("{FAE04EC0-301F-11D3-BF4B-00C04F79EFBC}") = "ProjetoCSharpUnifai.Exterior.Dados", "ProjetoCSharpUnifai.Exterior.Dados\ProjetoCSharpUnifai.Exterior.Dados.csproj", "{C8F23CFC-9956-4187-A93B-B7098880115E}"
EndProject
Project("{FAE04EC0-301F-11D3-BF4B-00C04F79EFBC}") = "ProjetoCSharpUnifai.Dominio", "ProjetoCSharpUnifai.Dominio\ProjetoCSharpUnifai.Dominio.csproj", "{30974244-DF93-487E-AFD0-33C7CFAF140E}"
EndProject
Global
	GlobalSection(SolutionConfigurationPlatforms) = preSolution
		Debug|Any CPU = Debug|Any CPU
		Release|Any CPU = Release|Any CPU
	EndGlobalSection
	GlobalSection(ProjectConfigurationPlatforms) = postSolution
		{E17F2AB0-C41E-4EFF-A38A-15B876C362B3}.Debug|Any CPU.ActiveCfg = Debug|Any CPU
		{E17F2AB0-C41E-4EFF-A38A-15B876C362B3}.Debug|Any CPU.Build.0 = Debug|Any CPU
		{E17F2AB0-C41E-4EFF-A38A-15B876C362B3}.Release|Any CPU.ActiveCfg = Release|Any CPU
		{E17F2AB0-C41E-4EFF-A38A-15B876C362B3}.Release|Any CPU.Build.0 = Release|Any CPU
		{5FE95BCD-B43B-4B43-A8C5-62D67154AC40}.Debug|Any CPU.ActiveCfg = Debug|Any CPU
		{5FE95BCD-B43B-4B43-A8C5-62D67154AC40}.Debug|Any CPU.Build.0 = Debug|Any CPU
		{5FE95BCD-B43B-4B43-A8C5-62D67154AC40}.Release|Any CPU.ActiveCfg = Release|Any CPU
		{5FE95BCD-B43B-4B43-A8C5-62D67154AC40}.Release|Any CPU.Build.0 = Release|Any CPU
		{C8F23CFC-9956-4187-A93B-B7098880115E}.Debug|Any CPU.ActiveCfg = Debug|Any CPU
		{C8F23CFC-9956-4187-A93B-B7098880115E}.Debug|Any CPU.Build.0 = Debug|Any CPU
		{C8F23CFC-9956-4187-A93B-B7098880115E}.Release|Any CPU.ActiveCfg = Release|Any CPU
		{C8F23CFC-9956-4187-A93B-B7098880115E}.Release|Any CPU.Build.0 = Release|Any CPU
		{30974244-DF93-487E-AFD0-33C7CFAF140E}.Debug|Any CPU.ActiveCfg = Debug|Any CPU
		{30974244-DF93-487E-AFD0-33C7CFAF140E}.Debug|Any CPU.Build.0 = Debug|Any CPU
		{30974244-DF93-487E-AFD0-33C7CFAF140E}.Release|Any CPU.ActiveCfg = Release|Any CPU
		{30974244-DF93-487E-AFD0-33C7CFAF140E}.Release|Any CPU.Build.0 = Release|Any CPU
	EndGlobalSection
	GlobalSection(SolutionProperties) = preSolution
		HideSolutionNode = FALSE
	EndGlobalSection
	GlobalSection(ExtensibilityGlobals) = postSolution
		SolutionGuid = {C9541AEB-236C-4951-B21A-CA7E6E213BC3}
	EndGlobalSection
EndGlobal
